
Microsoft Visual Studio Solution File, Format Version 12.00
# Visual Studio 14
VisualStudioVersion = 14.0.24720.0
MinimumVisualStudioVersion = 10.0.40219.1
Project("{FAE04EC0-301F-11D3-BF4B-00C04F79EFBC}") = "CustomizedTestStackDossierExample", "CustomizedTestStackDossierExample\CustomizedTestStackDossierExample.csproj", "{BE702FAD-22D3-4B72-91D6-AB5ABA1CF268}"
EndProject
Project("{FAE04EC0-301F-11D3-BF4B-00C04F79EFBC}") = "Tests", "Tests\Tests.csproj", "{4C8CDBD1-774C-45B4-92DC-879E95D07EA2}"
EndProject
Global
	GlobalSection(SolutionConfigurationPlatforms) = preSolution
		Debug|Any CPU = Debug|Any CPU
		Release|Any CPU = Release|Any CPU
	EndGlobalSection
	GlobalSection(ProjectConfigurationPlatforms) = postSolution
		{BE702FAD-22D3-4B72-91D6-AB5ABA1CF268}.Debug|Any CPU.ActiveCfg = Debug|Any CPU
		{BE702FAD-22D3-4B72-91D6-AB5ABA1CF268}.Debug|Any CPU.Build.0 = Debug|Any CPU
		{BE702FAD-22D3-4B72-91D6-AB5ABA1CF268}.Release|Any CPU.ActiveCfg = Release|Any CPU
		{BE702FAD-22D3-4B72-91D6-AB5ABA1CF268}.Release|Any CPU.Build.0 = Release|Any CPU
		{4C8CDBD1-774C-45B4-92DC-879E95D07EA2}.Debug|Any CPU.ActiveCfg = Debug|Any CPU
		{4C8CDBD1-774C-45B4-92DC-879E95D07EA2}.Debug|Any CPU.Build.0 = Debug|Any CPU
		{4C8CDBD1-774C-45B4-92DC-879E95D07EA2}.Release|Any CPU.ActiveCfg = Release|Any CPU
		{4C8CDBD1-774C-45B4-92DC-879E95D07EA2}.Release|Any CPU.Build.0 = Release|Any CPU
	EndGlobalSection
	GlobalSection(SolutionProperties) = preSolution
		HideSolutionNode = FALSE
	EndGlobalSection
EndGlobal
